
Microsoft Visual Studio Solution File, Format Version 12.00
# Visual Studio Version 16
VisualStudioVersion = 16.0.30114.105
MinimumVisualStudioVersion = 10.0.40219.1
Project("{FAE04EC0-301F-11D3-BF4B-00C04F79EFBC}") = "IdentityServer.Core", "IdentityServer.Core\IdentityServer.Core.csproj", "{FBB5C823-3826-40CE-B445-42B6891E5A1E}"
EndProject
Project("{FAE04EC0-301F-11D3-BF4B-00C04F79EFBC}") = "IdentityServer.Demo.Api", "IdentityServer.Demo.Api\IdentityServer.Demo.Api.csproj", "{E01256B8-AD77-4A12-B714-8ADE4ECA2872}"
EndProject
Global
	GlobalSection(SolutionConfigurationPlatforms) = preSolution
		Debug|Any CPU = Debug|Any CPU
		Release|Any CPU = Release|Any CPU
	EndGlobalSection
	GlobalSection(SolutionProperties) = preSolution
		HideSolutionNode = FALSE
	EndGlobalSection
	GlobalSection(ProjectConfigurationPlatforms) = postSolution
		{FBB5C823-3826-40CE-B445-42B6891E5A1E}.Debug|Any CPU.ActiveCfg = Debug|Any CPU
		{FBB5C823-3826-40CE-B445-42B6891E5A1E}.Debug|Any CPU.Build.0 = Debug|Any CPU
		{FBB5C823-3826-40CE-B445-42B6891E5A1E}.Release|Any CPU.ActiveCfg = Release|Any CPU
		{FBB5C823-3826-40CE-B445-42B6891E5A1E}.Release|Any CPU.Build.0 = Release|Any CPU
		{E01256B8-AD77-4A12-B714-8ADE4ECA2872}.Debug|Any CPU.ActiveCfg = Debug|Any CPU
		{E01256B8-AD77-4A12-B714-8ADE4ECA2872}.Debug|Any CPU.Build.0 = Debug|Any CPU
		{E01256B8-AD77-4A12-B714-8ADE4ECA2872}.Release|Any CPU.ActiveCfg = Release|Any CPU
		{E01256B8-AD77-4A12-B714-8ADE4ECA2872}.Release|Any CPU.Build.0 = Release|Any CPU
	EndGlobalSection
EndGlobal
